
Microsoft Visual Studio Solution File, Format Version 12.00
# Visual Studio Version 17
VisualStudioVersion = 17.12.35506.116
MinimumVisualStudioVersion = 10.0.40219.1
Project("{2150E333-8FDC-42A3-9474-1A3956D46DE8}") = "src", "src", "{6C15A2DB-5167-48F3-9E78-D89953BB6235}"
EndProject
Project("{FAE04EC0-301F-11D3-BF4B-00C04F79EFBC}") = "ThosCase.Data", "ThosCase.Data\ThosCase.Data.csproj", "{4A71E14D-1955-4F83-A7D7-03BD185D54A0}"
EndProject
Global
	GlobalSection(SolutionConfigurationPlatforms) = preSolution
		Debug|Any CPU = Debug|Any CPU
		Release|Any CPU = Release|Any CPU
	EndGlobalSection
	GlobalSection(ProjectConfigurationPlatforms) = postSolution
		{4A71E14D-1955-4F83-A7D7-03BD185D54A0}.Debug|Any CPU.ActiveCfg = Debug|Any CPU
		{4A71E14D-1955-4F83-A7D7-03BD185D54A0}.Debug|Any CPU.Build.0 = Debug|Any CPU
		{4A71E14D-1955-4F83-A7D7-03BD185D54A0}.Release|Any CPU.ActiveCfg = Release|Any CPU
		{4A71E14D-1955-4F83-A7D7-03BD185D54A0}.Release|Any CPU.Build.0 = Release|Any CPU
	EndGlobalSection
	GlobalSection(SolutionProperties) = preSolution
		HideSolutionNode = FALSE
	EndGlobalSection
	GlobalSection(NestedProjects) = preSolution
		{4A71E14D-1955-4F83-A7D7-03BD185D54A0} = {6C15A2DB-5167-48F3-9E78-D89953BB6235}
	EndGlobalSection
EndGlobal
